
Microsoft Visual Studio Solution File, Format Version 12.00
# Visual Studio Version 16
VisualStudioVersion = 16.0.31624.102
MinimumVisualStudioVersion = 10.0.40219.1
Project("{888888A0-9F3D-457C-B088-3A5042F75D52}") = "pygame_for_IA", "pygame_for_IA.pyproj", "{243C0102-202A-4040-8418-B7FFC3FA7589}"
EndProject
Global
	GlobalSection(SolutionConfigurationPlatforms) = preSolution
		Debug|Any CPU = Debug|Any CPU
		Release|Any CPU = Release|Any CPU
	EndGlobalSection
	GlobalSection(ProjectConfigurationPlatforms) = postSolution
		{243C0102-202A-4040-8418-B7FFC3FA7589}.Debug|Any CPU.ActiveCfg = Debug|Any CPU
		{243C0102-202A-4040-8418-B7FFC3FA7589}.Release|Any CPU.ActiveCfg = Release|Any CPU
	EndGlobalSection
	GlobalSection(SolutionProperties) = preSolution
		HideSolutionNode = FALSE
	EndGlobalSection
	GlobalSection(ExtensibilityGlobals) = postSolution
		SolutionGuid = {78C7864C-0766-4541-8DBC-3DF3B3FD4E6B}
	EndGlobalSection
EndGlobal
